
Microsoft Visual Studio Solution File, Format Version 12.00
# Visual Studio Version 17
VisualStudioVersion = 17.8.34408.163
MinimumVisualStudioVersion = 10.0.40219.1
Project("{FAE04EC0-301F-11D3-BF4B-00C04F79EFBC}") = "01.RubberDuckDebugers", "01.RubberDuckDebugers\01.RubberDuckDebugers.csproj", "{8424F7E5-8187-4684-BDE8-0F4B52020BC4}"
EndProject
Project("{FAE04EC0-301F-11D3-BF4B-00C04F79EFBC}") = "02.TheSquirrel", "02.TheSquirrel\02.TheSquirrel.csproj", "{2E3D6901-46E6-48B0-9DCD-B081640FB578}"
EndProject
Project("{9A19103F-16F7-4668-BE54-9A1E7A4F7556}") = "ClothesMagazine", "03.ClothesMagazine\ClothesMagazine.csproj", "{874F6658-2A44-423D-9769-388771A17163}"
EndProject
Global
	GlobalSection(SolutionConfigurationPlatforms) = preSolution
		Debug|Any CPU = Debug|Any CPU
		Release|Any CPU = Release|Any CPU
	EndGlobalSection
	GlobalSection(ProjectConfigurationPlatforms) = postSolution
		{8424F7E5-8187-4684-BDE8-0F4B52020BC4}.Debug|Any CPU.ActiveCfg = Debug|Any CPU
		{8424F7E5-8187-4684-BDE8-0F4B52020BC4}.Debug|Any CPU.Build.0 = Debug|Any CPU
		{8424F7E5-8187-4684-BDE8-0F4B52020BC4}.Release|Any CPU.ActiveCfg = Release|Any CPU
		{8424F7E5-8187-4684-BDE8-0F4B52020BC4}.Release|Any CPU.Build.0 = Release|Any CPU
		{2E3D6901-46E6-48B0-9DCD-B081640FB578}.Debug|Any CPU.ActiveCfg = Debug|Any CPU
		{2E3D6901-46E6-48B0-9DCD-B081640FB578}.Debug|Any CPU.Build.0 = Debug|Any CPU
		{2E3D6901-46E6-48B0-9DCD-B081640FB578}.Release|Any CPU.ActiveCfg = Release|Any CPU
		{2E3D6901-46E6-48B0-9DCD-B081640FB578}.Release|Any CPU.Build.0 = Release|Any CPU
		{874F6658-2A44-423D-9769-388771A17163}.Debug|Any CPU.ActiveCfg = Debug|Any CPU
		{874F6658-2A44-423D-9769-388771A17163}.Debug|Any CPU.Build.0 = Debug|Any CPU
		{874F6658-2A44-423D-9769-388771A17163}.Release|Any CPU.ActiveCfg = Release|Any CPU
		{874F6658-2A44-423D-9769-388771A17163}.Release|Any CPU.Build.0 = Release|Any CPU
	EndGlobalSection
	GlobalSection(SolutionProperties) = preSolution
		HideSolutionNode = FALSE
	EndGlobalSection
	GlobalSection(ExtensibilityGlobals) = postSolution
		SolutionGuid = {59DB312F-E7B9-49B8-AA1D-1B29B278CABE}
	EndGlobalSection
EndGlobal
