
Microsoft Visual Studio Solution File, Format Version 12.00
# Visual Studio Version 17
VisualStudioVersion = 17.6.33815.320
MinimumVisualStudioVersion = 10.0.40219.1
Project("{FAE04EC0-301F-11D3-BF4B-00C04F79EFBC}") = "01.NumbersFrom1To100", "01.NumbersFrom1To100\01.NumbersFrom1To100.csproj", "{EAC74063-A9D6-4086-8ED9-2B66EAEC823F}"
EndProject
Project("{FAE04EC0-301F-11D3-BF4B-00C04F79EFBC}") = "02.NumbersNTo1", "02.NumbersNTo1\02.NumbersNTo1.csproj", "{A9CECE90-E88A-46BD-A1C2-D839D89B9BFB}"
EndProject
Project("{FAE04EC0-301F-11D3-BF4B-00C04F79EFBC}") = "03.Numbers1ToNWithStep3", "03.Numbers1ToNWithStep3\03.Numbers1ToNWithStep3.csproj", "{B828B3BC-4F78-4D79-8556-10C7E6B2A442}"
EndProject
Project("{FAE04EC0-301F-11D3-BF4B-00C04F79EFBC}") = "04.EvenPowersOf2", "04.EvenPowersOf2\04.EvenPowersOf2.csproj", "{49CEDCB2-33B4-4BA7-9805-C3A92C8B53B4}"
EndProject
Project("{FAE04EC0-301F-11D3-BF4B-00C04F79EFBC}") = "05.CharacterSequence", "05.CharacterSequence\05.CharacterSequence.csproj", "{C1279003-F965-4E2D-8B58-EB2F806D9C18}"
EndProject
Project("{FAE04EC0-301F-11D3-BF4B-00C04F79EFBC}") = "06.VowelsSum", "06.VowelsSum\06.VowelsSum.csproj", "{C7091921-58E3-43BD-A593-2B89723055BC}"
EndProject
Project("{FAE04EC0-301F-11D3-BF4B-00C04F79EFBC}") = "07.SumNumbers", "07.SumNumbers\07.SumNumbers.csproj", "{C65433E1-6C36-46E2-AEFE-5662CAD99E35}"
EndProject
Project("{FAE04EC0-301F-11D3-BF4B-00C04F79EFBC}") = "08.NumberSequence", "08.NumberSequence\08.NumberSequence.csproj", "{FED7270F-98CD-4429-AE3B-E37F3AA871F2}"
EndProject
Project("{FAE04EC0-301F-11D3-BF4B-00C04F79EFBC}") = "09.LeftAndRightSum", "09.LeftAndRightSum\09.LeftAndRightSum.csproj", "{E925DC6C-4728-4E83-89AC-3FC9322CD55A}"
EndProject
Project("{FAE04EC0-301F-11D3-BF4B-00C04F79EFBC}") = "10.OddEvenSum", "10.OddEvenSum\10.OddEvenSum.csproj", "{E15755A3-2FFE-447D-BB97-A857F98CF8E8}"
EndProject
Global
	GlobalSection(SolutionConfigurationPlatforms) = preSolution
		Debug|Any CPU = Debug|Any CPU
		Release|Any CPU = Release|Any CPU
	EndGlobalSection
	GlobalSection(ProjectConfigurationPlatforms) = postSolution
		{EAC74063-A9D6-4086-8ED9-2B66EAEC823F}.Debug|Any CPU.ActiveCfg = Debug|Any CPU
		{EAC74063-A9D6-4086-8ED9-2B66EAEC823F}.Debug|Any CPU.Build.0 = Debug|Any CPU
		{EAC74063-A9D6-4086-8ED9-2B66EAEC823F}.Release|Any CPU.ActiveCfg = Release|Any CPU
		{EAC74063-A9D6-4086-8ED9-2B66EAEC823F}.Release|Any CPU.Build.0 = Release|Any CPU
		{A9CECE90-E88A-46BD-A1C2-D839D89B9BFB}.Debug|Any CPU.ActiveCfg = Debug|Any CPU
		{A9CECE90-E88A-46BD-A1C2-D839D89B9BFB}.Debug|Any CPU.Build.0 = Debug|Any CPU
		{A9CECE90-E88A-46BD-A1C2-D839D89B9BFB}.Release|Any CPU.ActiveCfg = Release|Any CPU
		{A9CECE90-E88A-46BD-A1C2-D839D89B9BFB}.Release|Any CPU.Build.0 = Release|Any CPU
		{B828B3BC-4F78-4D79-8556-10C7E6B2A442}.Debug|Any CPU.ActiveCfg = Debug|Any CPU
		{B828B3BC-4F78-4D79-8556-10C7E6B2A442}.Debug|Any CPU.Build.0 = Debug|Any CPU
		{B828B3BC-4F78-4D79-8556-10C7E6B2A442}.Release|Any CPU.ActiveCfg = Release|Any CPU
		{B828B3BC-4F78-4D79-8556-10C7E6B2A442}.Release|Any CPU.Build.0 = Release|Any CPU
		{49CEDCB2-33B4-4BA7-9805-C3A92C8B53B4}.Debug|Any CPU.ActiveCfg = Debug|Any CPU
		{49CEDCB2-33B4-4BA7-9805-C3A92C8B53B4}.Debug|Any CPU.Build.0 = Debug|Any CPU
		{49CEDCB2-33B4-4BA7-9805-C3A92C8B53B4}.Release|Any CPU.ActiveCfg = Release|Any CPU
		{49CEDCB2-33B4-4BA7-9805-C3A92C8B53B4}.Release|Any CPU.Build.0 = Release|Any CPU
		{C1279003-F965-4E2D-8B58-EB2F806D9C18}.Debug|Any CPU.ActiveCfg = Debug|Any CPU
		{C1279003-F965-4E2D-8B58-EB2F806D9C18}.Debug|Any CPU.Build.0 = Debug|Any CPU
		{C1279003-F965-4E2D-8B58-EB2F806D9C18}.Release|Any CPU.ActiveCfg = Release|Any CPU
		{C1279003-F965-4E2D-8B58-EB2F806D9C18}.Release|Any CPU.Build.0 = Release|Any CPU
		{C7091921-58E3-43BD-A593-2B89723055BC}.Debug|Any CPU.ActiveCfg = Debug|Any CPU
		{C7091921-58E3-43BD-A593-2B89723055BC}.Debug|Any CPU.Build.0 = Debug|Any CPU
		{C7091921-58E3-43BD-A593-2B89723055BC}.Release|Any CPU.ActiveCfg = Release|Any CPU
		{C7091921-58E3-43BD-A593-2B89723055BC}.Release|Any CPU.Build.0 = Release|Any CPU
		{C65433E1-6C36-46E2-AEFE-5662CAD99E35}.Debug|Any CPU.ActiveCfg = Debug|Any CPU
		{C65433E1-6C36-46E2-AEFE-5662CAD99E35}.Debug|Any CPU.Build.0 = Debug|Any CPU
		{C65433E1-6C36-46E2-AEFE-5662CAD99E35}.Release|Any CPU.ActiveCfg = Release|Any CPU
		{C65433E1-6C36-46E2-AEFE-5662CAD99E35}.Release|Any CPU.Build.0 = Release|Any CPU
		{FED7270F-98CD-4429-AE3B-E37F3AA871F2}.Debug|Any CPU.ActiveCfg = Debug|Any CPU
		{FED7270F-98CD-4429-AE3B-E37F3AA871F2}.Debug|Any CPU.Build.0 = Debug|Any CPU
		{FED7270F-98CD-4429-AE3B-E37F3AA871F2}.Release|Any CPU.ActiveCfg = Release|Any CPU
		{FED7270F-98CD-4429-AE3B-E37F3AA871F2}.Release|Any CPU.Build.0 = Release|Any CPU
		{E925DC6C-4728-4E83-89AC-3FC9322CD55A}.Debug|Any CPU.ActiveCfg = Debug|Any CPU
		{E925DC6C-4728-4E83-89AC-3FC9322CD55A}.Debug|Any CPU.Build.0 = Debug|Any CPU
		{E925DC6C-4728-4E83-89AC-3FC9322CD55A}.Release|Any CPU.ActiveCfg = Release|Any CPU
		{E925DC6C-4728-4E83-89AC-3FC9322CD55A}.Release|Any CPU.Build.0 = Release|Any CPU
		{E15755A3-2FFE-447D-BB97-A857F98CF8E8}.Debug|Any CPU.ActiveCfg = Debug|Any CPU
		{E15755A3-2FFE-447D-BB97-A857F98CF8E8}.Debug|Any CPU.Build.0 = Debug|Any CPU
		{E15755A3-2FFE-447D-BB97-A857F98CF8E8}.Release|Any CPU.ActiveCfg = Release|Any CPU
		{E15755A3-2FFE-447D-BB97-A857F98CF8E8}.Release|Any CPU.Build.0 = Release|Any CPU
	EndGlobalSection
	GlobalSection(SolutionProperties) = preSolution
		HideSolutionNode = FALSE
	EndGlobalSection
	GlobalSection(ExtensibilityGlobals) = postSolution
		SolutionGuid = {570AA8B3-4EA9-4D79-9FE9-FF9627C24D9B}
	EndGlobalSection
EndGlobal
