
Microsoft Visual Studio Solution File, Format Version 12.00
# Visual Studio Version 17
VisualStudioVersion = 17.9.34616.47
MinimumVisualStudioVersion = 10.0.40219.1
Project("{9A19103F-16F7-4668-BE54-9A1E7A4F7556}") = "01.Vehicles", "01.Vehicles\01.Vehicles.csproj", "{7C6EA0CD-22C6-4C1A-8FE2-A8FB0185C9A9}"
EndProject
Project("{9A19103F-16F7-4668-BE54-9A1E7A4F7556}") = "02.VehiclesExtension", "02.VehiclesExtension\02.VehiclesExtension.csproj", "{9C9BBD0C-5499-43BD-BA2E-78C8A638524C}"
EndProject
Project("{9A19103F-16F7-4668-BE54-9A1E7A4F7556}") = "03.Raiding", "03.Raiding\03.Raiding.csproj", "{5EEBB031-219D-425B-8E1A-D2E860E6DFC1}"
EndProject
Project("{FAE04EC0-301F-11D3-BF4B-00C04F79EFBC}") = "04.WildFarm", "04.WildFarm\04.WildFarm.csproj", "{E5A57C15-DA14-4C6B-90B4-56F914D901C4}"
EndProject
Global
	GlobalSection(SolutionConfigurationPlatforms) = preSolution
		Debug|Any CPU = Debug|Any CPU
		Release|Any CPU = Release|Any CPU
	EndGlobalSection
	GlobalSection(ProjectConfigurationPlatforms) = postSolution
		{7C6EA0CD-22C6-4C1A-8FE2-A8FB0185C9A9}.Debug|Any CPU.ActiveCfg = Debug|Any CPU
		{7C6EA0CD-22C6-4C1A-8FE2-A8FB0185C9A9}.Debug|Any CPU.Build.0 = Debug|Any CPU
		{7C6EA0CD-22C6-4C1A-8FE2-A8FB0185C9A9}.Release|Any CPU.ActiveCfg = Release|Any CPU
		{7C6EA0CD-22C6-4C1A-8FE2-A8FB0185C9A9}.Release|Any CPU.Build.0 = Release|Any CPU
		{9C9BBD0C-5499-43BD-BA2E-78C8A638524C}.Debug|Any CPU.ActiveCfg = Debug|Any CPU
		{9C9BBD0C-5499-43BD-BA2E-78C8A638524C}.Debug|Any CPU.Build.0 = Debug|Any CPU
		{9C9BBD0C-5499-43BD-BA2E-78C8A638524C}.Release|Any CPU.ActiveCfg = Release|Any CPU
		{9C9BBD0C-5499-43BD-BA2E-78C8A638524C}.Release|Any CPU.Build.0 = Release|Any CPU
		{5EEBB031-219D-425B-8E1A-D2E860E6DFC1}.Debug|Any CPU.ActiveCfg = Debug|Any CPU
		{5EEBB031-219D-425B-8E1A-D2E860E6DFC1}.Debug|Any CPU.Build.0 = Debug|Any CPU
		{5EEBB031-219D-425B-8E1A-D2E860E6DFC1}.Release|Any CPU.ActiveCfg = Release|Any CPU
		{5EEBB031-219D-425B-8E1A-D2E860E6DFC1}.Release|Any CPU.Build.0 = Release|Any CPU
		{E5A57C15-DA14-4C6B-90B4-56F914D901C4}.Debug|Any CPU.ActiveCfg = Debug|Any CPU
		{E5A57C15-DA14-4C6B-90B4-56F914D901C4}.Debug|Any CPU.Build.0 = Debug|Any CPU
		{E5A57C15-DA14-4C6B-90B4-56F914D901C4}.Release|Any CPU.ActiveCfg = Release|Any CPU
		{E5A57C15-DA14-4C6B-90B4-56F914D901C4}.Release|Any CPU.Build.0 = Release|Any CPU
	EndGlobalSection
	GlobalSection(SolutionProperties) = preSolution
		HideSolutionNode = FALSE
	EndGlobalSection
	GlobalSection(ExtensibilityGlobals) = postSolution
		SolutionGuid = {F6687218-8B82-449B-951A-3CA59B3DECF0}
	EndGlobalSection
EndGlobal
