
Microsoft Visual Studio Solution File, Format Version 12.00
# Visual Studio Version 17
VisualStudioVersion = 17.7.34031.279
MinimumVisualStudioVersion = 10.0.40219.1
Project("{FAE04EC0-301F-11D3-BF4B-00C04F79EFBC}") = "01.SmallestOfThreeNumbers", "01.SmallestOfThreeNumbers\01.SmallestOfThreeNumbers.csproj", "{F3BEA60D-8CF9-4872-80D8-456315347007}"
EndProject
Project("{FAE04EC0-301F-11D3-BF4B-00C04F79EFBC}") = "02.VowelsCount", "02.VowelsCount\02.VowelsCount.csproj", "{28AEA567-EFAA-4F5B-A2A8-D16FB44DEC01}"
EndProject
Project("{FAE04EC0-301F-11D3-BF4B-00C04F79EFBC}") = "03.CharactersInRange", "03.CharactersInRange\03.CharactersInRange.csproj", "{AE60E373-5792-42EE-9219-9C0109CB0C2D}"
EndProject
Project("{FAE04EC0-301F-11D3-BF4B-00C04F79EFBC}") = "04.PasswordValidator", "04.PasswordValidator\04.PasswordValidator.csproj", "{D5E78EDC-A621-4644-9CF5-DF0D7CADEA6B}"
EndProject
Project("{FAE04EC0-301F-11D3-BF4B-00C04F79EFBC}") = "05.AddAndSubtract", "05.AddAndSubtract\05.AddAndSubtract.csproj", "{24493E75-9D27-407E-AB06-B2588944BBB8}"
EndProject
Project("{FAE04EC0-301F-11D3-BF4B-00C04F79EFBC}") = "06.MiddleCharacters", "06.MiddleCharacters\06.MiddleCharacters.csproj", "{387073C7-43CA-4EA1-A563-6E1AB9F00B76}"
EndProject
Project("{FAE04EC0-301F-11D3-BF4B-00C04F79EFBC}") = "07.NxNMatrix", "07.NxNMatrix\07.NxNMatrix.csproj", "{0EC342CB-2A46-4119-AD02-78C0CAB61697}"
EndProject
Project("{FAE04EC0-301F-11D3-BF4B-00C04F79EFBC}") = "08.FactorialDivision", "08.FactorialDivision\08.FactorialDivision.csproj", "{D9574EA0-15A1-41E4-88F0-B9F48DE840B5}"
EndProject
Project("{FAE04EC0-301F-11D3-BF4B-00C04F79EFBC}") = "09.PalindromeIntegers", "09.PalindromeIntegers\09.PalindromeIntegers.csproj", "{C798FFE3-C6F7-4D80-A127-AB831C702705}"
EndProject
Project("{FAE04EC0-301F-11D3-BF4B-00C04F79EFBC}") = "10.TopNumber", "10.TopNumber\10.TopNumber.csproj", "{A5F0BE73-9E85-4688-9AF9-1778FCB88945}"
EndProject
Global
	GlobalSection(SolutionConfigurationPlatforms) = preSolution
		Debug|Any CPU = Debug|Any CPU
		Release|Any CPU = Release|Any CPU
	EndGlobalSection
	GlobalSection(ProjectConfigurationPlatforms) = postSolution
		{F3BEA60D-8CF9-4872-80D8-456315347007}.Debug|Any CPU.ActiveCfg = Debug|Any CPU
		{F3BEA60D-8CF9-4872-80D8-456315347007}.Debug|Any CPU.Build.0 = Debug|Any CPU
		{F3BEA60D-8CF9-4872-80D8-456315347007}.Release|Any CPU.ActiveCfg = Release|Any CPU
		{F3BEA60D-8CF9-4872-80D8-456315347007}.Release|Any CPU.Build.0 = Release|Any CPU
		{28AEA567-EFAA-4F5B-A2A8-D16FB44DEC01}.Debug|Any CPU.ActiveCfg = Debug|Any CPU
		{28AEA567-EFAA-4F5B-A2A8-D16FB44DEC01}.Debug|Any CPU.Build.0 = Debug|Any CPU
		{28AEA567-EFAA-4F5B-A2A8-D16FB44DEC01}.Release|Any CPU.ActiveCfg = Release|Any CPU
		{28AEA567-EFAA-4F5B-A2A8-D16FB44DEC01}.Release|Any CPU.Build.0 = Release|Any CPU
		{AE60E373-5792-42EE-9219-9C0109CB0C2D}.Debug|Any CPU.ActiveCfg = Debug|Any CPU
		{AE60E373-5792-42EE-9219-9C0109CB0C2D}.Debug|Any CPU.Build.0 = Debug|Any CPU
		{AE60E373-5792-42EE-9219-9C0109CB0C2D}.Release|Any CPU.ActiveCfg = Release|Any CPU
		{AE60E373-5792-42EE-9219-9C0109CB0C2D}.Release|Any CPU.Build.0 = Release|Any CPU
		{D5E78EDC-A621-4644-9CF5-DF0D7CADEA6B}.Debug|Any CPU.ActiveCfg = Debug|Any CPU
		{D5E78EDC-A621-4644-9CF5-DF0D7CADEA6B}.Debug|Any CPU.Build.0 = Debug|Any CPU
		{D5E78EDC-A621-4644-9CF5-DF0D7CADEA6B}.Release|Any CPU.ActiveCfg = Release|Any CPU
		{D5E78EDC-A621-4644-9CF5-DF0D7CADEA6B}.Release|Any CPU.Build.0 = Release|Any CPU
		{24493E75-9D27-407E-AB06-B2588944BBB8}.Debug|Any CPU.ActiveCfg = Debug|Any CPU
		{24493E75-9D27-407E-AB06-B2588944BBB8}.Debug|Any CPU.Build.0 = Debug|Any CPU
		{24493E75-9D27-407E-AB06-B2588944BBB8}.Release|Any CPU.ActiveCfg = Release|Any CPU
		{24493E75-9D27-407E-AB06-B2588944BBB8}.Release|Any CPU.Build.0 = Release|Any CPU
		{387073C7-43CA-4EA1-A563-6E1AB9F00B76}.Debug|Any CPU.ActiveCfg = Debug|Any CPU
		{387073C7-43CA-4EA1-A563-6E1AB9F00B76}.Debug|Any CPU.Build.0 = Debug|Any CPU
		{387073C7-43CA-4EA1-A563-6E1AB9F00B76}.Release|Any CPU.ActiveCfg = Release|Any CPU
		{387073C7-43CA-4EA1-A563-6E1AB9F00B76}.Release|Any CPU.Build.0 = Release|Any CPU
		{0EC342CB-2A46-4119-AD02-78C0CAB61697}.Debug|Any CPU.ActiveCfg = Debug|Any CPU
		{0EC342CB-2A46-4119-AD02-78C0CAB61697}.Debug|Any CPU.Build.0 = Debug|Any CPU
		{0EC342CB-2A46-4119-AD02-78C0CAB61697}.Release|Any CPU.ActiveCfg = Release|Any CPU
		{0EC342CB-2A46-4119-AD02-78C0CAB61697}.Release|Any CPU.Build.0 = Release|Any CPU
		{D9574EA0-15A1-41E4-88F0-B9F48DE840B5}.Debug|Any CPU.ActiveCfg = Debug|Any CPU
		{D9574EA0-15A1-41E4-88F0-B9F48DE840B5}.Debug|Any CPU.Build.0 = Debug|Any CPU
		{D9574EA0-15A1-41E4-88F0-B9F48DE840B5}.Release|Any CPU.ActiveCfg = Release|Any CPU
		{D9574EA0-15A1-41E4-88F0-B9F48DE840B5}.Release|Any CPU.Build.0 = Release|Any CPU
		{C798FFE3-C6F7-4D80-A127-AB831C702705}.Debug|Any CPU.ActiveCfg = Debug|Any CPU
		{C798FFE3-C6F7-4D80-A127-AB831C702705}.Debug|Any CPU.Build.0 = Debug|Any CPU
		{C798FFE3-C6F7-4D80-A127-AB831C702705}.Release|Any CPU.ActiveCfg = Release|Any CPU
		{C798FFE3-C6F7-4D80-A127-AB831C702705}.Release|Any CPU.Build.0 = Release|Any CPU
		{A5F0BE73-9E85-4688-9AF9-1778FCB88945}.Debug|Any CPU.ActiveCfg = Debug|Any CPU
		{A5F0BE73-9E85-4688-9AF9-1778FCB88945}.Debug|Any CPU.Build.0 = Debug|Any CPU
		{A5F0BE73-9E85-4688-9AF9-1778FCB88945}.Release|Any CPU.ActiveCfg = Release|Any CPU
		{A5F0BE73-9E85-4688-9AF9-1778FCB88945}.Release|Any CPU.Build.0 = Release|Any CPU
	EndGlobalSection
	GlobalSection(SolutionProperties) = preSolution
		HideSolutionNode = FALSE
	EndGlobalSection
	GlobalSection(ExtensibilityGlobals) = postSolution
		SolutionGuid = {E4A44B4B-ADC8-4DDA-A860-BB24756E7D65}
	EndGlobalSection
EndGlobal
