
Microsoft Visual Studio Solution File, Format Version 12.00
# Visual Studio Version 17
VisualStudioVersion = 17.9.34701.34
MinimumVisualStudioVersion = 10.0.40219.1
Project("{9A19103F-16F7-4668-BE54-9A1E7A4F7556}") = "Database", "01.Database\Database.csproj", "{872DB6E5-8072-49F5-AF08-1D27BE21883B}"
EndProject
Project("{9A19103F-16F7-4668-BE54-9A1E7A4F7556}") = "Database.Tests", "01.Database.Tests\Database.Tests.csproj", "{EE78C42E-BEE9-4BF2-9F7A-F2C179560653}"
EndProject
Project("{9A19103F-16F7-4668-BE54-9A1E7A4F7556}") = "DatabaseExtended", "02.DatabaseExtended\DatabaseExtended.csproj", "{7CC596CC-B7A4-4A18-9F78-67F5B616AADC}"
EndProject
Project("{9A19103F-16F7-4668-BE54-9A1E7A4F7556}") = "DatabaseExtended.Tests", "02.DatabaseExtended.Tests\DatabaseExtended.Tests.csproj", "{35B4E1B4-6721-4D63-B79D-16C98E695B1A}"
EndProject
Project("{9A19103F-16F7-4668-BE54-9A1E7A4F7556}") = "CarManager", "03.CarManager\CarManager.csproj", "{4D3FDB79-EC0B-4421-964D-03719E57FB5E}"
EndProject
Project("{9A19103F-16F7-4668-BE54-9A1E7A4F7556}") = "CarManager.Tests", "03.CarManager.Tests\CarManager.Tests.csproj", "{B10899A1-D73B-43EA-A2E4-358B4C03256D}"
EndProject
Project("{9A19103F-16F7-4668-BE54-9A1E7A4F7556}") = "FightingArena", "04.FightingArena\FightingArena.csproj", "{C7380A7A-00DD-4ACA-A2D7-A5A96E74FB2F}"
EndProject
Project("{9A19103F-16F7-4668-BE54-9A1E7A4F7556}") = "FightingArena.Tests", "04.FightingArena.Tests\FightingArena.Tests.csproj", "{38FF1BCA-31FA-4D55-B58D-82DEC3C822CE}"
EndProject
Global
	GlobalSection(SolutionConfigurationPlatforms) = preSolution
		Debug|Any CPU = Debug|Any CPU
		Release|Any CPU = Release|Any CPU
	EndGlobalSection
	GlobalSection(ProjectConfigurationPlatforms) = postSolution
		{872DB6E5-8072-49F5-AF08-1D27BE21883B}.Debug|Any CPU.ActiveCfg = Debug|Any CPU
		{872DB6E5-8072-49F5-AF08-1D27BE21883B}.Debug|Any CPU.Build.0 = Debug|Any CPU
		{872DB6E5-8072-49F5-AF08-1D27BE21883B}.Release|Any CPU.ActiveCfg = Release|Any CPU
		{872DB6E5-8072-49F5-AF08-1D27BE21883B}.Release|Any CPU.Build.0 = Release|Any CPU
		{EE78C42E-BEE9-4BF2-9F7A-F2C179560653}.Debug|Any CPU.ActiveCfg = Debug|Any CPU
		{EE78C42E-BEE9-4BF2-9F7A-F2C179560653}.Debug|Any CPU.Build.0 = Debug|Any CPU
		{EE78C42E-BEE9-4BF2-9F7A-F2C179560653}.Release|Any CPU.ActiveCfg = Release|Any CPU
		{EE78C42E-BEE9-4BF2-9F7A-F2C179560653}.Release|Any CPU.Build.0 = Release|Any CPU
		{7CC596CC-B7A4-4A18-9F78-67F5B616AADC}.Debug|Any CPU.ActiveCfg = Debug|Any CPU
		{7CC596CC-B7A4-4A18-9F78-67F5B616AADC}.Debug|Any CPU.Build.0 = Debug|Any CPU
		{7CC596CC-B7A4-4A18-9F78-67F5B616AADC}.Release|Any CPU.ActiveCfg = Release|Any CPU
		{7CC596CC-B7A4-4A18-9F78-67F5B616AADC}.Release|Any CPU.Build.0 = Release|Any CPU
		{35B4E1B4-6721-4D63-B79D-16C98E695B1A}.Debug|Any CPU.ActiveCfg = Debug|Any CPU
		{35B4E1B4-6721-4D63-B79D-16C98E695B1A}.Debug|Any CPU.Build.0 = Debug|Any CPU
		{35B4E1B4-6721-4D63-B79D-16C98E695B1A}.Release|Any CPU.ActiveCfg = Release|Any CPU
		{35B4E1B4-6721-4D63-B79D-16C98E695B1A}.Release|Any CPU.Build.0 = Release|Any CPU
		{4D3FDB79-EC0B-4421-964D-03719E57FB5E}.Debug|Any CPU.ActiveCfg = Debug|Any CPU
		{4D3FDB79-EC0B-4421-964D-03719E57FB5E}.Debug|Any CPU.Build.0 = Debug|Any CPU
		{4D3FDB79-EC0B-4421-964D-03719E57FB5E}.Release|Any CPU.ActiveCfg = Release|Any CPU
		{4D3FDB79-EC0B-4421-964D-03719E57FB5E}.Release|Any CPU.Build.0 = Release|Any CPU
		{B10899A1-D73B-43EA-A2E4-358B4C03256D}.Debug|Any CPU.ActiveCfg = Debug|Any CPU
		{B10899A1-D73B-43EA-A2E4-358B4C03256D}.Debug|Any CPU.Build.0 = Debug|Any CPU
		{B10899A1-D73B-43EA-A2E4-358B4C03256D}.Release|Any CPU.ActiveCfg = Release|Any CPU
		{B10899A1-D73B-43EA-A2E4-358B4C03256D}.Release|Any CPU.Build.0 = Release|Any CPU
		{C7380A7A-00DD-4ACA-A2D7-A5A96E74FB2F}.Debug|Any CPU.ActiveCfg = Debug|Any CPU
		{C7380A7A-00DD-4ACA-A2D7-A5A96E74FB2F}.Debug|Any CPU.Build.0 = Debug|Any CPU
		{C7380A7A-00DD-4ACA-A2D7-A5A96E74FB2F}.Release|Any CPU.ActiveCfg = Release|Any CPU
		{C7380A7A-00DD-4ACA-A2D7-A5A96E74FB2F}.Release|Any CPU.Build.0 = Release|Any CPU
		{38FF1BCA-31FA-4D55-B58D-82DEC3C822CE}.Debug|Any CPU.ActiveCfg = Debug|Any CPU
		{38FF1BCA-31FA-4D55-B58D-82DEC3C822CE}.Debug|Any CPU.Build.0 = Debug|Any CPU
		{38FF1BCA-31FA-4D55-B58D-82DEC3C822CE}.Release|Any CPU.ActiveCfg = Release|Any CPU
		{38FF1BCA-31FA-4D55-B58D-82DEC3C822CE}.Release|Any CPU.Build.0 = Release|Any CPU
	EndGlobalSection
	GlobalSection(SolutionProperties) = preSolution
		HideSolutionNode = FALSE
	EndGlobalSection
	GlobalSection(ExtensibilityGlobals) = postSolution
		SolutionGuid = {DD83B64A-03FF-45B5-AAD1-D119BC0E739E}
	EndGlobalSection
EndGlobal
