
Microsoft Visual Studio Solution File, Format Version 12.00
# Visual Studio Version 17
VisualStudioVersion = 17.8.34408.163
MinimumVisualStudioVersion = 10.0.40219.1
Project("{FAE04EC0-301F-11D3-BF4B-00C04F79EFBC}") = "01.ChickenSnack", "01.ChickenSnack\01.ChickenSnack.csproj", "{4954FE3F-7C57-4E8B-8453-C8D71A436DAD}"
EndProject
Project("{FAE04EC0-301F-11D3-BF4B-00C04F79EFBC}") = "02.ClearSkies", "02.ClearSkies\02.ClearSkies.csproj", "{113AC9B0-3BB1-496E-B174-BF19609A1CA3}"
EndProject
Project("{9A19103F-16F7-4668-BE54-9A1E7A4F7556}") = "SharkTaxonomy", "03.SharkTaxonomy\SharkTaxonomy.csproj", "{37B2835C-726F-4CCB-8E76-E14AD37A336A}"
EndProject
Global
	GlobalSection(SolutionConfigurationPlatforms) = preSolution
		Debug|Any CPU = Debug|Any CPU
		Release|Any CPU = Release|Any CPU
	EndGlobalSection
	GlobalSection(ProjectConfigurationPlatforms) = postSolution
		{4954FE3F-7C57-4E8B-8453-C8D71A436DAD}.Debug|Any CPU.ActiveCfg = Debug|Any CPU
		{4954FE3F-7C57-4E8B-8453-C8D71A436DAD}.Debug|Any CPU.Build.0 = Debug|Any CPU
		{4954FE3F-7C57-4E8B-8453-C8D71A436DAD}.Release|Any CPU.ActiveCfg = Release|Any CPU
		{4954FE3F-7C57-4E8B-8453-C8D71A436DAD}.Release|Any CPU.Build.0 = Release|Any CPU
		{113AC9B0-3BB1-496E-B174-BF19609A1CA3}.Debug|Any CPU.ActiveCfg = Debug|Any CPU
		{113AC9B0-3BB1-496E-B174-BF19609A1CA3}.Debug|Any CPU.Build.0 = Debug|Any CPU
		{113AC9B0-3BB1-496E-B174-BF19609A1CA3}.Release|Any CPU.ActiveCfg = Release|Any CPU
		{113AC9B0-3BB1-496E-B174-BF19609A1CA3}.Release|Any CPU.Build.0 = Release|Any CPU
		{37B2835C-726F-4CCB-8E76-E14AD37A336A}.Debug|Any CPU.ActiveCfg = Debug|Any CPU
		{37B2835C-726F-4CCB-8E76-E14AD37A336A}.Debug|Any CPU.Build.0 = Debug|Any CPU
		{37B2835C-726F-4CCB-8E76-E14AD37A336A}.Release|Any CPU.ActiveCfg = Release|Any CPU
		{37B2835C-726F-4CCB-8E76-E14AD37A336A}.Release|Any CPU.Build.0 = Release|Any CPU
	EndGlobalSection
	GlobalSection(SolutionProperties) = preSolution
		HideSolutionNode = FALSE
	EndGlobalSection
	GlobalSection(ExtensibilityGlobals) = postSolution
		SolutionGuid = {54B0FE2B-D7D8-4C08-AA14-AB91B2FBF0E8}
	EndGlobalSection
EndGlobal
