
Microsoft Visual Studio Solution File, Format Version 12.00
# Visual Studio Version 17
VisualStudioVersion = 17.8.34316.72
MinimumVisualStudioVersion = 10.0.40219.1
Project("{9A19103F-16F7-4668-BE54-9A1E7A4F7556}") = "01.ActivationKeys", "01.ActivationKeys\01.ActivationKeys.csproj", "{FAF5E124-6052-4D1E-80B8-3210664F5B43}"
EndProject
Project("{9A19103F-16F7-4668-BE54-9A1E7A4F7556}") = "02.EmojiDetector", "02.EmojiDetector\02.EmojiDetector.csproj", "{6465B58F-24CE-476A-9E26-8914EED09DA2}"
EndProject
Project("{9A19103F-16F7-4668-BE54-9A1E7A4F7556}") = "03.HeroesOfCodeAndLogicVII", "03.HeroesOfCodeAndLogicVII\03.HeroesOfCodeAndLogicVII.csproj", "{42485A32-CC18-4BE5-B4A3-9D07EEDC69B4}"
EndProject
Global
	GlobalSection(SolutionConfigurationPlatforms) = preSolution
		Debug|Any CPU = Debug|Any CPU
		Release|Any CPU = Release|Any CPU
	EndGlobalSection
	GlobalSection(ProjectConfigurationPlatforms) = postSolution
		{FAF5E124-6052-4D1E-80B8-3210664F5B43}.Debug|Any CPU.ActiveCfg = Debug|Any CPU
		{FAF5E124-6052-4D1E-80B8-3210664F5B43}.Debug|Any CPU.Build.0 = Debug|Any CPU
		{FAF5E124-6052-4D1E-80B8-3210664F5B43}.Release|Any CPU.ActiveCfg = Release|Any CPU
		{FAF5E124-6052-4D1E-80B8-3210664F5B43}.Release|Any CPU.Build.0 = Release|Any CPU
		{6465B58F-24CE-476A-9E26-8914EED09DA2}.Debug|Any CPU.ActiveCfg = Debug|Any CPU
		{6465B58F-24CE-476A-9E26-8914EED09DA2}.Debug|Any CPU.Build.0 = Debug|Any CPU
		{6465B58F-24CE-476A-9E26-8914EED09DA2}.Release|Any CPU.ActiveCfg = Release|Any CPU
		{6465B58F-24CE-476A-9E26-8914EED09DA2}.Release|Any CPU.Build.0 = Release|Any CPU
		{42485A32-CC18-4BE5-B4A3-9D07EEDC69B4}.Debug|Any CPU.ActiveCfg = Debug|Any CPU
		{42485A32-CC18-4BE5-B4A3-9D07EEDC69B4}.Debug|Any CPU.Build.0 = Debug|Any CPU
		{42485A32-CC18-4BE5-B4A3-9D07EEDC69B4}.Release|Any CPU.ActiveCfg = Release|Any CPU
		{42485A32-CC18-4BE5-B4A3-9D07EEDC69B4}.Release|Any CPU.Build.0 = Release|Any CPU
	EndGlobalSection
	GlobalSection(SolutionProperties) = preSolution
		HideSolutionNode = FALSE
	EndGlobalSection
	GlobalSection(ExtensibilityGlobals) = postSolution
		SolutionGuid = {73E45655-6033-40F5-9186-74A4BBFAA577}
	EndGlobalSection
EndGlobal
