
Microsoft Visual Studio Solution File, Format Version 12.00
# Visual Studio Version 17
VisualStudioVersion = 17.10.35013.160
MinimumVisualStudioVersion = 10.0.40219.1
Project("{FAE04EC0-301F-11D3-BF4B-00C04F79EFBC}") = "SoftUni", "SoftUni\SoftUni.csproj", "{D12F1B4F-5F5D-4573-91D1-1938DA59F53A}"
EndProject
Global
	GlobalSection(SolutionConfigurationPlatforms) = preSolution
		Debug|Any CPU = Debug|Any CPU
		Release|Any CPU = Release|Any CPU
	EndGlobalSection
	GlobalSection(ProjectConfigurationPlatforms) = postSolution
		{D12F1B4F-5F5D-4573-91D1-1938DA59F53A}.Debug|Any CPU.ActiveCfg = Debug|Any CPU
		{D12F1B4F-5F5D-4573-91D1-1938DA59F53A}.Debug|Any CPU.Build.0 = Debug|Any CPU
		{D12F1B4F-5F5D-4573-91D1-1938DA59F53A}.Release|Any CPU.ActiveCfg = Release|Any CPU
		{D12F1B4F-5F5D-4573-91D1-1938DA59F53A}.Release|Any CPU.Build.0 = Release|Any CPU
	EndGlobalSection
	GlobalSection(SolutionProperties) = preSolution
		HideSolutionNode = FALSE
	EndGlobalSection
	GlobalSection(ExtensibilityGlobals) = postSolution
		SolutionGuid = {7F39141D-E8B6-4D38-B4CD-A0A758FD8E1E}
	EndGlobalSection
EndGlobal
